
Microsoft Visual Studio Solution File, Format Version 12.00
# Visual Studio Version 17
VisualStudioVersion = 17.5.33424.131
MinimumVisualStudioVersion = 10.0.40219.1
Project("{9A19103F-16F7-4668-BE54-9A1E7A4F7556}") = "FleetParking.WebApi", "FleetParking.WebApi\FleetParking.WebApi.csproj", "{2AD16D9F-A03F-42CA-87F9-10198DCCE7CA}"
EndProject
Project("{9A19103F-16F7-4668-BE54-9A1E7A4F7556}") = "FleetParking.Business", "FleetParking.Business\FleetParking.Business.csproj", "{5688E12F-6C66-49BC-93C8-57D17F32110A}"
EndProject
Project("{2150E333-8FDC-42A3-9474-1A3956D46DE8}") = "Solution Items", "Solution Items", "{B0415F1D-D63F-45FB-971E-970482069EB9}"
	ProjectSection(SolutionItems) = preProject
		.gitignore = .gitignore
	EndProjectSection
EndProject
Project("{FAE04EC0-301F-11D3-BF4B-00C04F79EFBC}") = "FleetParking.Worker", "FleetParking.Worker\FleetParking.Worker.csproj", "{7B800A53-5C14-4151-9119-8EE2A643204B}"
EndProject
Global
	GlobalSection(SolutionConfigurationPlatforms) = preSolution
		Debug|Any CPU = Debug|Any CPU
		Release|Any CPU = Release|Any CPU
	EndGlobalSection
	GlobalSection(ProjectConfigurationPlatforms) = postSolution
		{2AD16D9F-A03F-42CA-87F9-10198DCCE7CA}.Debug|Any CPU.ActiveCfg = Debug|Any CPU
		{2AD16D9F-A03F-42CA-87F9-10198DCCE7CA}.Debug|Any CPU.Build.0 = Debug|Any CPU
		{2AD16D9F-A03F-42CA-87F9-10198DCCE7CA}.Release|Any CPU.ActiveCfg = Release|Any CPU
		{2AD16D9F-A03F-42CA-87F9-10198DCCE7CA}.Release|Any CPU.Build.0 = Release|Any CPU
		{5688E12F-6C66-49BC-93C8-57D17F32110A}.Debug|Any CPU.ActiveCfg = Debug|Any CPU
		{5688E12F-6C66-49BC-93C8-57D17F32110A}.Debug|Any CPU.Build.0 = Debug|Any CPU
		{5688E12F-6C66-49BC-93C8-57D17F32110A}.Release|Any CPU.ActiveCfg = Release|Any CPU
		{5688E12F-6C66-49BC-93C8-57D17F32110A}.Release|Any CPU.Build.0 = Release|Any CPU
		{7B800A53-5C14-4151-9119-8EE2A643204B}.Debug|Any CPU.ActiveCfg = Debug|Any CPU
		{7B800A53-5C14-4151-9119-8EE2A643204B}.Debug|Any CPU.Build.0 = Debug|Any CPU
		{7B800A53-5C14-4151-9119-8EE2A643204B}.Release|Any CPU.ActiveCfg = Release|Any CPU
		{7B800A53-5C14-4151-9119-8EE2A643204B}.Release|Any CPU.Build.0 = Release|Any CPU
	EndGlobalSection
	GlobalSection(SolutionProperties) = preSolution
		HideSolutionNode = FALSE
	EndGlobalSection
	GlobalSection(ExtensibilityGlobals) = postSolution
		SolutionGuid = {0A2108B2-A237-4683-A731-00A0DF049615}
	EndGlobalSection
EndGlobal
